
Microsoft Visual Studio Solution File, Format Version 12.00
# Visual Studio Version 17
VisualStudioVersion = 17.5.002.0
MinimumVisualStudioVersion = 10.0.40219.1
Project("{9A19103F-16F7-4668-BE54-9A1E7A4F7556}") = "ChallengeCFOTech", "ChallengeCFOTech.csproj", "{D23BEE84-3726-47E7-8A8B-6503AA15BD62}"
EndProject
Global
	GlobalSection(SolutionConfigurationPlatforms) = preSolution
		Debug|Any CPU = Debug|Any CPU
		Release|Any CPU = Release|Any CPU
	EndGlobalSection
	GlobalSection(ProjectConfigurationPlatforms) = postSolution
		{D23BEE84-3726-47E7-8A8B-6503AA15BD62}.Debug|Any CPU.ActiveCfg = Debug|Any CPU
		{D23BEE84-3726-47E7-8A8B-6503AA15BD62}.Debug|Any CPU.Build.0 = Debug|Any CPU
		{D23BEE84-3726-47E7-8A8B-6503AA15BD62}.Release|Any CPU.ActiveCfg = Release|Any CPU
		{D23BEE84-3726-47E7-8A8B-6503AA15BD62}.Release|Any CPU.Build.0 = Release|Any CPU
	EndGlobalSection
	GlobalSection(SolutionProperties) = preSolution
		HideSolutionNode = FALSE
	EndGlobalSection
	GlobalSection(ExtensibilityGlobals) = postSolution
		SolutionGuid = {480F67C3-84B0-4DB4-BBBE-F599E5FEBA95}
	EndGlobalSection
EndGlobal
